{
    "_readme": [
        "This file locks the dependencies of your project to a known state",
        "Read more about it at https://getcomposer.org/doc/01-basic-usage.md#composer-lock-the-lock-file",
        "This file is @generated automatically"
    ],
    "hash": "0834bcf37159a7db50fc034fa441a842",
    "content-hash": "293a474fbd98698e3a798ba5939dac5d",
    "packages": [
        {
            "name": "container-interop/container-interop",
            "version": "1.1.0",
            "source": {
                "type": "git",
                "url": "https://github.com/container-interop/container-interop.git",
                "reference": "fc08354828f8fd3245f77a66b9e23a6bca48297e"
            },
            "dist": {
                "type": "zip",
                "url": "https://api.github.com/repos/container-interop/container-interop/zipball/fc08354828f8fd3245f77a66b9e23a6bca48297e",
                "reference": "fc08354828f8fd3245f77a66b9e23a6bca48297e",
                "shasum": ""
            },
            "type": "library",
            "autoload": {
                "psr-4": {
                    "Interop\\Container\\": "src/Interop/Container/"
                }
            },
            "notification-url": "https://packagist.org/downloads/",
            "license": [
                "MIT"
            ],
            "description": "Promoting the interoperability of container objects (DIC, SL, etc.)",
            "time": "2014-12-30 15:22:37"
        },
        {
            "name": "http-interop/http-middleware",
            "version": "0.4.0",
            "source": {
                "type": "git",
                "url": "https://github.com/http-interop/http-middleware.git",
                "reference": "cff4fb65317875b2bccbb6b7b22eec18b5a96f04"
            },
            "dist": {
                "type": "zip",
                "url": "https://api.github.com/repos/http-interop/http-middleware/zipball/cff4fb65317875b2bccbb6b7b22eec18b5a96f04",
                "reference": "cff4fb65317875b2bccbb6b7b22eec18b5a96f04",
                "shasum": ""
            },
            "require": {
                "php": ">=5.3.0",
                "psr/http-message": "^1.0"
            },
            "type": "library",
            "extra": {
                "branch-alias": {
                    "dev-master": "1.0.x-dev"
                }
            },
            "autoload": {
                "psr-4": {
                    "Interop\\Http\\ServerMiddleware\\": "src/"
                }
            },
            "notification-url": "https://packagist.org/downloads/",
            "license": [
                "MIT"
            ],
            "authors": [
                {
                    "name": "PHP-FIG",
                    "homepage": "http://www.php-fig.org/"
                }
            ],
            "description": "Common interface for HTTP server-side middleware",
            "keywords": [
                "factory",
                "http",
                "middleware",
                "psr",
                "psr-17",
                "psr-7",
                "request",
                "response"
            ],
            "time": "2016-12-16 18:14:42"
        },
        {
            "name": "mindplay/readable",
            "version": "1.1.0",
            "source": {
                "type": "git",
                "url": "https://github.com/mindplay-dk/readable.git",
                "reference": "27fdf89a542330939d956e706dcb366d92fd599b"
            },
            "dist": {
                "type": "zip",
                "url": "https://api.github.com/repos/mindplay-dk/readable/zipball/27fdf89a542330939d956e706dcb366d92fd599b",
                "reference": "27fdf89a542330939d956e706dcb366d92fd599b",
                "shasum": ""
            },
            "require": {
                "php": ">=5.4"
            },
            "require-dev": {
                "mindplay/testies": "dev-master",
                "phpunit/php-code-coverage": ">=2, <4"
            },
            "type": "library",
            "autoload": {
                "classmap": [
                    "src/"
                ]
            },
            "notification-url": "https://packagist.org/downloads/",
            "license": [
                "MIT"
            ],
            "description": "Formats PHP values as human-readable strings",
            "time": "2016-12-22 15:39:41"
        },
        {
            "name": "pmall/contracts-resolver",
            "version": "dev-master",
            "source": {
                "type": "git",
                "url": "../contracts-resolver",
                "reference": "85d6df8285d15ce5ec6af918ff942f0279bfaf39"
            },
            "require": {
                "mindplay/readable": "^1.1"
            },
            "type": "library",
            "autoload": {
                "psr-4": {
                    "Pmall\\Contracts\\Resolver\\": "src"
                }
            },
            "authors": [
                {
                    "name": "pmall",
                    "email": "pierre.mallinjoud@gmail.com"
                }
            ],
            "description": "the resolver interface of the pmall framework",
            "time": "2017-01-03 19:17:32"
        },
        {
            "name": "pmall/contracts-stack",
            "version": "dev-master",
            "source": {
                "type": "git",
                "url": "../contracts-stack",
                "reference": "085b4b6b5417e0edaed530af6f9070acf4cee2ba"
            },
            "require": {
                "http-interop/http-middleware": "^0.4.0",
                "psr/http-message": "^1.0"
            },
            "type": "library",
            "autoload": {
                "psr-4": {
                    "Pmall\\Contracts\\Stack\\": "src"
                }
            },
            "authors": [
                {
                    "name": "pmall",
                    "email": "pierre.mallinjoud@gmail.com"
                }
            ],
            "description": "the stack interface of the pmall framework",
            "time": "2017-01-03 19:15:46"
        },
        {
            "name": "psr/http-message",
            "version": "1.0.1",
            "source": {
                "type": "git",
                "url": "https://github.com/php-fig/http-message.git",
                "reference": "f6561bf28d520154e4b0ec72be95418abe6d9363"
            },
            "dist": {
                "type": "zip",
                "url": "https://api.github.com/repos/php-fig/http-message/zipball/f6561bf28d520154e4b0ec72be95418abe6d9363",
                "reference": "f6561bf28d520154e4b0ec72be95418abe6d9363",
                "shasum": ""
            },
            "require": {
                "php": ">=5.3.0"
            },
            "type": "library",
            "extra": {
                "branch-alias": {
                    "dev-master": "1.0.x-dev"
                }
            },
            "autoload": {
                "psr-4": {
                    "Psr\\Http\\Message\\": "src/"
                }
            },
            "notification-url": "https://packagist.org/downloads/",
            "license": [
                "MIT"
            ],
            "authors": [
                {
                    "name": "PHP-FIG",
                    "homepage": "http://www.php-fig.org/"
                }
            ],
            "description": "Common interface for HTTP messages",
            "homepage": "https://github.com/php-fig/http-message",
            "keywords": [
                "http",
                "http-message",
                "psr",
                "psr-7",
                "request",
                "response"
            ],
            "time": "2016-08-06 14:39:51"
        }
    ],
    "packages-dev": [],
    "aliases": [],
    "minimum-stability": "stable",
    "stability-flags": {
        "pmall/contracts-stack": 20,
        "pmall/contracts-resolver": 20
    },
    "prefer-stable": false,
    "prefer-lowest": false,
    "platform": [],
    "platform-dev": []
}
